<Solution>
  <Project Path="IOMS.Application/IOMS.Application.csproj" />
  <Project Path="IOMS.Domain/IOMS.Domain.csproj" />
  <Project Path="IOMS.Infrastructure/IOMS.Infrastructure.csproj" />
  <Project Path="IOMS.Shared/IOMS.Shared.csproj" />
  <Project Path="IOMS.Web/IOMS.Web.csproj" />
  <Project Path="IOMS.Web1/IOMS.Web1.csproj" Id="b59bea6c-9853-4f64-ad80-0ee801e1dd05" />
</Solution>
